
Microsoft Visual Studio Solution File, Format Version 12.00
# Visual Studio 14
VisualStudioVersion = 14.0.25420.1
MinimumVisualStudioVersion = 10.0.40219.1
Project("{FAE04EC0-301F-11D3-BF4B-00C04F79EFBC}") = "AnimalWorld", "AnimalWorld\AnimalWorld.csproj", "{ACFDF636-A26E-4210-A0D5-4A85B51DF35C}"
EndProject
Project("{FAE04EC0-301F-11D3-BF4B-00C04F79EFBC}") = "AnimalWorldTester", "AnimalWorldTester\AnimalWorldTester.csproj", "{3CF3F629-83E7-490A-BCE8-E3EE49F3BBE5}"
EndProject
Global
	GlobalSection(SolutionConfigurationPlatforms) = preSolution
		Debug|Any CPU = Debug|Any CPU
		Release|Any CPU = Release|Any CPU
	EndGlobalSection
	GlobalSection(ProjectConfigurationPlatforms) = postSolution
		{ACFDF636-A26E-4210-A0D5-4A85B51DF35C}.Debug|Any CPU.ActiveCfg = Debug|Any CPU
		{ACFDF636-A26E-4210-A0D5-4A85B51DF35C}.Debug|Any CPU.Build.0 = Debug|Any CPU
		{ACFDF636-A26E-4210-A0D5-4A85B51DF35C}.Release|Any CPU.ActiveCfg = Release|Any CPU
		{ACFDF636-A26E-4210-A0D5-4A85B51DF35C}.Release|Any CPU.Build.0 = Release|Any CPU
		{3CF3F629-83E7-490A-BCE8-E3EE49F3BBE5}.Debug|Any CPU.ActiveCfg = Debug|Any CPU
		{3CF3F629-83E7-490A-BCE8-E3EE49F3BBE5}.Debug|Any CPU.Build.0 = Debug|Any CPU
		{3CF3F629-83E7-490A-BCE8-E3EE49F3BBE5}.Release|Any CPU.ActiveCfg = Release|Any CPU
		{3CF3F629-83E7-490A-BCE8-E3EE49F3BBE5}.Release|Any CPU.Build.0 = Release|Any CPU
	EndGlobalSection
	GlobalSection(SolutionProperties) = preSolution
		HideSolutionNode = FALSE
	EndGlobalSection
	GlobalSection(TeamFoundationVersionControl) = preSolution
		SccNumberOfProjects = 3
		SccEnterpriseProvider = {4CA58AB2-18FA-4F8D-95D4-32DDF27D184C}
		SccTeamFoundationServer = http://ttfs1:8080/tfs/defaultcollection
		SccLocalPath0 = .
		SccProjectUniqueName1 = AnimalWorld\\AnimalWorld.csproj
		SccProjectName1 = AnimalWorld
		SccLocalPath1 = AnimalWorld
		SccProjectUniqueName2 = AnimalWorldTester\\AnimalWorldTester.csproj
		SccProjectName2 = AnimalWorldTester
		SccLocalPath2 = AnimalWorldTester
	EndGlobalSection
EndGlobal
