
Microsoft Visual Studio Solution File, Format Version 12.00
# Visual Studio 14
VisualStudioVersion = 14.0.25420.1
MinimumVisualStudioVersion = 10.0.40219.1
Project("{FAE04EC0-301F-11D3-BF4B-00C04F79EFBC}") = "DataSetDemo", "DataSetDemo\DataSetDemo.csproj", "{B52DCFAA-819E-4DB8-A06C-A6388A69F762}"
EndProject
Global
	GlobalSection(SolutionConfigurationPlatforms) = preSolution
		Debug|Any CPU = Debug|Any CPU
		Release|Any CPU = Release|Any CPU
	EndGlobalSection
	GlobalSection(ProjectConfigurationPlatforms) = postSolution
		{B52DCFAA-819E-4DB8-A06C-A6388A69F762}.Debug|Any CPU.ActiveCfg = Debug|Any CPU
		{B52DCFAA-819E-4DB8-A06C-A6388A69F762}.Debug|Any CPU.Build.0 = Debug|Any CPU
		{B52DCFAA-819E-4DB8-A06C-A6388A69F762}.Release|Any CPU.ActiveCfg = Release|Any CPU
		{B52DCFAA-819E-4DB8-A06C-A6388A69F762}.Release|Any CPU.Build.0 = Release|Any CPU
	EndGlobalSection
	GlobalSection(SolutionProperties) = preSolution
		HideSolutionNode = FALSE
	EndGlobalSection
	GlobalSection(TeamFoundationVersionControl) = preSolution
		SccNumberOfProjects = 2
		SccEnterpriseProvider = {4CA58AB2-18FA-4F8D-95D4-32DDF27D184C}
		SccTeamFoundationServer = http://ttfs1:8080/tfs/defaultcollection
		SccLocalPath0 = .
		SccProjectUniqueName1 = DataSetDemo\\DataSetDemo.csproj
		SccProjectName1 = DataSetDemo
		SccLocalPath1 = DataSetDemo
	EndGlobalSection
EndGlobal
